
Microsoft Visual Studio Solution File, Format Version 12.00
# Visual Studio Version 17
VisualStudioVersion = 17.13.36105.23 d17.13
MinimumVisualStudioVersion = 10.0.40219.1
Project("{FAE04EC0-301F-11D3-BF4B-00C04F79EFBC}") = "School_Management", "Sınıf_Pratik\School_Management.csproj", "{793CDB70-66F9-446D-BC9D-4077AE810C1F}"
EndProject
Global
	GlobalSection(SolutionConfigurationPlatforms) = preSolution
		Debug|Any CPU = Debug|Any CPU
		Release|Any CPU = Release|Any CPU
	EndGlobalSection
	GlobalSection(ProjectConfigurationPlatforms) = postSolution
		{793CDB70-66F9-446D-BC9D-4077AE810C1F}.Debug|Any CPU.ActiveCfg = Debug|Any CPU
		{793CDB70-66F9-446D-BC9D-4077AE810C1F}.Debug|Any CPU.Build.0 = Debug|Any CPU
		{793CDB70-66F9-446D-BC9D-4077AE810C1F}.Release|Any CPU.ActiveCfg = Release|Any CPU
		{793CDB70-66F9-446D-BC9D-4077AE810C1F}.Release|Any CPU.Build.0 = Release|Any CPU
	EndGlobalSection
	GlobalSection(SolutionProperties) = preSolution
		HideSolutionNode = FALSE
	EndGlobalSection
	GlobalSection(ExtensibilityGlobals) = postSolution
		SolutionGuid = {A01A6E3D-122F-414E-9447-C082222AFBFF}
	EndGlobalSection
EndGlobal
